{
    "name": "is-my-node-supply-chain-secure",
    "version": "0.0.1",
    "lockfileVersion": 1,
    "requires": true,
    "dependencies": {
        "nozaki-colors": {
            "version": "1.0.1",
            "resolved": "https://registry.npmjs.org/nozaki-colors/-/nozaki-colors-1.0.1.tgz",
            "integrity": "sha512-E4B9/j8uhYLl6KeQh8DMvovft+M5P9NVK6gvuJrvQ4zhx89i/z0dTjQH1zivjmSpRsdBVhx8fqW8YN2ArB5bCg=="
        },
        "strong-type": {
            "version": "1.1.0",
            "resolved": "https://registry.npmjs.org/strong-type/-/strong-type-1.1.0.tgz",
            "integrity": "sha512-X5Z6riticuH5GnhUyzijfDi1SoXas8ODDyN7K8lJeQK+Jfi4dKdoJGL4CXTskY/ATBcN+rz5lROGn1tAUkOX7g=="
        }
    }
}
